
Microsoft Visual Studio Solution File, Format Version 12.00
# Visual Studio Version 16
VisualStudioVersion = 16.0.30128.74
MinimumVisualStudioVersion = 10.0.40219.1
Project("{9A19103F-16F7-4668-BE54-9A1E7A4F7556}") = "BodySculptor.API", "BodySculptor.API\BodySculptor.API.csproj", "{DDBBA4DA-4D36-4236-8E9B-8A895D362EA3}"
EndProject
Project("{9A19103F-16F7-4668-BE54-9A1E7A4F7556}") = "BodySculptor.Data", "BodySculptor.Data\BodySculptor.Data.csproj", "{E14B058F-708E-4FE0-8F70-8A7ADEC20BB0}"
EndProject
Project("{9A19103F-16F7-4668-BE54-9A1E7A4F7556}") = "BodySculptor.Data.Entities", "BodySculptor.Data.Entities\BodySculptor.Data.Entities.csproj", "{4E5A564F-7BAF-4F54-8EAE-91DDDCDC0F03}"
EndProject
Project("{9A19103F-16F7-4668-BE54-9A1E7A4F7556}") = "BodySculptor.Services", "BodySculptor.Services\BodySculptor.Services.csproj", "{F2B30971-A7DF-4568-BD2E-445C5192673C}"
EndProject
Project("{9A19103F-16F7-4668-BE54-9A1E7A4F7556}") = "BodySculptor.Models", "BodySculptor.Models\BodySculptor.Models.csproj", "{76CF69E3-C910-40C2-AEC2-75F0190BD64E}"
EndProject
Project("{9A19103F-16F7-4668-BE54-9A1E7A4F7556}") = "BodySculptor.Services.Mapping", "BodySculptor.Services.Mapping\BodySculptor.Services.Mapping.csproj", "{F4A06848-70CC-44B2-ABE6-F69EEBB8BB61}"
EndProject
Project("{9A19103F-16F7-4668-BE54-9A1E7A4F7556}") = "BodySculptor.Common", "BodySculptor.Common\BodySculptor.Common.csproj", "{89F4A557-B335-4B7E-8E69-211516F34EF0}"
EndProject
Project("{9A19103F-16F7-4668-BE54-9A1E7A4F7556}") = "BodySculptor.Identity", "BodySculptor.Identity\BodySculptor.Identity.csproj", "{5ECFD167-4DD0-4334-98D0-3696CAA7A34F}"
EndProject
Project("{FAE04EC0-301F-11D3-BF4B-00C04F79EFBC}") = "BodySculptor.Nutrition", "BodySculptor.Nutrition\BodySculptor.Nutrition.csproj", "{BF997C3E-3356-4245-AF20-8019F1913CA5}"
EndProject
Global
	GlobalSection(SolutionConfigurationPlatforms) = preSolution
		Debug|Any CPU = Debug|Any CPU
		Release|Any CPU = Release|Any CPU
	EndGlobalSection
	GlobalSection(ProjectConfigurationPlatforms) = postSolution
		{DDBBA4DA-4D36-4236-8E9B-8A895D362EA3}.Debug|Any CPU.ActiveCfg = Debug|Any CPU
		{DDBBA4DA-4D36-4236-8E9B-8A895D362EA3}.Debug|Any CPU.Build.0 = Debug|Any CPU
		{DDBBA4DA-4D36-4236-8E9B-8A895D362EA3}.Release|Any CPU.ActiveCfg = Release|Any CPU
		{DDBBA4DA-4D36-4236-8E9B-8A895D362EA3}.Release|Any CPU.Build.0 = Release|Any CPU
		{E14B058F-708E-4FE0-8F70-8A7ADEC20BB0}.Debug|Any CPU.ActiveCfg = Debug|Any CPU
		{E14B058F-708E-4FE0-8F70-8A7ADEC20BB0}.Debug|Any CPU.Build.0 = Debug|Any CPU
		{E14B058F-708E-4FE0-8F70-8A7ADEC20BB0}.Release|Any CPU.ActiveCfg = Release|Any CPU
		{E14B058F-708E-4FE0-8F70-8A7ADEC20BB0}.Release|Any CPU.Build.0 = Release|Any CPU
		{4E5A564F-7BAF-4F54-8EAE-91DDDCDC0F03}.Debug|Any CPU.ActiveCfg = Debug|Any CPU
		{4E5A564F-7BAF-4F54-8EAE-91DDDCDC0F03}.Debug|Any CPU.Build.0 = Debug|Any CPU
		{4E5A564F-7BAF-4F54-8EAE-91DDDCDC0F03}.Release|Any CPU.ActiveCfg = Release|Any CPU
		{4E5A564F-7BAF-4F54-8EAE-91DDDCDC0F03}.Release|Any CPU.Build.0 = Release|Any CPU
		{F2B30971-A7DF-4568-BD2E-445C5192673C}.Debug|Any CPU.ActiveCfg = Debug|Any CPU
		{F2B30971-A7DF-4568-BD2E-445C5192673C}.Debug|Any CPU.Build.0 = Debug|Any CPU
		{F2B30971-A7DF-4568-BD2E-445C5192673C}.Release|Any CPU.ActiveCfg = Release|Any CPU
		{F2B30971-A7DF-4568-BD2E-445C5192673C}.Release|Any CPU.Build.0 = Release|Any CPU
		{76CF69E3-C910-40C2-AEC2-75F0190BD64E}.Debug|Any CPU.ActiveCfg = Debug|Any CPU
		{76CF69E3-C910-40C2-AEC2-75F0190BD64E}.Debug|Any CPU.Build.0 = Debug|Any CPU
		{76CF69E3-C910-40C2-AEC2-75F0190BD64E}.Release|Any CPU.ActiveCfg = Release|Any CPU
		{76CF69E3-C910-40C2-AEC2-75F0190BD64E}.Release|Any CPU.Build.0 = Release|Any CPU
		{F4A06848-70CC-44B2-ABE6-F69EEBB8BB61}.Debug|Any CPU.ActiveCfg = Debug|Any CPU
		{F4A06848-70CC-44B2-ABE6-F69EEBB8BB61}.Debug|Any CPU.Build.0 = Debug|Any CPU
		{F4A06848-70CC-44B2-ABE6-F69EEBB8BB61}.Release|Any CPU.ActiveCfg = Release|Any CPU
		{F4A06848-70CC-44B2-ABE6-F69EEBB8BB61}.Release|Any CPU.Build.0 = Release|Any CPU
		{89F4A557-B335-4B7E-8E69-211516F34EF0}.Debug|Any CPU.ActiveCfg = Debug|Any CPU
		{89F4A557-B335-4B7E-8E69-211516F34EF0}.Debug|Any CPU.Build.0 = Debug|Any CPU
		{89F4A557-B335-4B7E-8E69-211516F34EF0}.Release|Any CPU.ActiveCfg = Release|Any CPU
		{89F4A557-B335-4B7E-8E69-211516F34EF0}.Release|Any CPU.Build.0 = Release|Any CPU
		{5ECFD167-4DD0-4334-98D0-3696CAA7A34F}.Debug|Any CPU.ActiveCfg = Debug|Any CPU
		{5ECFD167-4DD0-4334-98D0-3696CAA7A34F}.Debug|Any CPU.Build.0 = Debug|Any CPU
		{5ECFD167-4DD0-4334-98D0-3696CAA7A34F}.Release|Any CPU.ActiveCfg = Release|Any CPU
		{5ECFD167-4DD0-4334-98D0-3696CAA7A34F}.Release|Any CPU.Build.0 = Release|Any CPU
		{BF997C3E-3356-4245-AF20-8019F1913CA5}.Debug|Any CPU.ActiveCfg = Debug|Any CPU
		{BF997C3E-3356-4245-AF20-8019F1913CA5}.Debug|Any CPU.Build.0 = Debug|Any CPU
		{BF997C3E-3356-4245-AF20-8019F1913CA5}.Release|Any CPU.ActiveCfg = Release|Any CPU
		{BF997C3E-3356-4245-AF20-8019F1913CA5}.Release|Any CPU.Build.0 = Release|Any CPU
	EndGlobalSection
	GlobalSection(SolutionProperties) = preSolution
		HideSolutionNode = FALSE
	EndGlobalSection
	GlobalSection(ExtensibilityGlobals) = postSolution
		SolutionGuid = {E47E1B11-D23E-4D4D-93E6-72C2C35EE804}
	EndGlobalSection
EndGlobal
