
Microsoft Visual Studio Solution File, Format Version 12.00
# Visual Studio Version 16
VisualStudioVersion = 16.0.30128.74
MinimumVisualStudioVersion = 10.0.40219.1
Project("{FAE04EC0-301F-11D3-BF4B-00C04F79EFBC}") = "BodySculptor.API", "BodySculptor.API\BodySculptor.API.csproj", "{DDBBA4DA-4D36-4236-8E9B-8A895D362EA3}"
EndProject
Global
	GlobalSection(SolutionConfigurationPlatforms) = preSolution
		Debug|Any CPU = Debug|Any CPU
		Release|Any CPU = Release|Any CPU
	EndGlobalSection
	GlobalSection(ProjectConfigurationPlatforms) = postSolution
		{DDBBA4DA-4D36-4236-8E9B-8A895D362EA3}.Debug|Any CPU.ActiveCfg = Debug|Any CPU
		{DDBBA4DA-4D36-4236-8E9B-8A895D362EA3}.Debug|Any CPU.Build.0 = Debug|Any CPU
		{DDBBA4DA-4D36-4236-8E9B-8A895D362EA3}.Release|Any CPU.ActiveCfg = Release|Any CPU
		{DDBBA4DA-4D36-4236-8E9B-8A895D362EA3}.Release|Any CPU.Build.0 = Release|Any CPU
	EndGlobalSection
	GlobalSection(SolutionProperties) = preSolution
		HideSolutionNode = FALSE
	EndGlobalSection
	GlobalSection(ExtensibilityGlobals) = postSolution
		SolutionGuid = {E47E1B11-D23E-4D4D-93E6-72C2C35EE804}
	EndGlobalSection
EndGlobal
