
Microsoft Visual Studio Solution File, Format Version 12.00
# Visual Studio Version 16
VisualStudioVersion = 16.0.30128.74
MinimumVisualStudioVersion = 10.0.40219.1
Project("{9A19103F-16F7-4668-BE54-9A1E7A4F7556}") = "BodySculptor.Services.Mapping", "BodySculptor.Services.Mapping\BodySculptor.Services.Mapping.csproj", "{F4A06848-70CC-44B2-ABE6-F69EEBB8BB61}"
EndProject
Project("{9A19103F-16F7-4668-BE54-9A1E7A4F7556}") = "BodySculptor.Common", "BodySculptor.Common\BodySculptor.Common.csproj", "{89F4A557-B335-4B7E-8E69-211516F34EF0}"
EndProject
Project("{9A19103F-16F7-4668-BE54-9A1E7A4F7556}") = "BodySculptor.Identity", "BodySculptor.Identity\BodySculptor.Identity.csproj", "{5ECFD167-4DD0-4334-98D0-3696CAA7A34F}"
EndProject
Project("{9A19103F-16F7-4668-BE54-9A1E7A4F7556}") = "BodySculptor.Nutrition", "BodySculptor.Nutrition\BodySculptor.Nutrition.csproj", "{BF997C3E-3356-4245-AF20-8019F1913CA5}"
EndProject
Project("{9A19103F-16F7-4668-BE54-9A1E7A4F7556}") = "BodySculptor.Exercises", "BodySculptor.Exercises\BodySculptor.Exercises.csproj", "{34C12E47-67EE-4E89-8343-6C437DDA770E}"
EndProject
Project("{9A19103F-16F7-4668-BE54-9A1E7A4F7556}") = "BodySculptor.Articles", "BodySculptor.Articles\BodySculptor.Articles.csproj", "{1F802D47-B4C3-425D-857E-81F55DCF8B2F}"
EndProject
Global
	GlobalSection(SolutionConfigurationPlatforms) = preSolution
		Debug|Any CPU = Debug|Any CPU
		Release|Any CPU = Release|Any CPU
	EndGlobalSection
	GlobalSection(ProjectConfigurationPlatforms) = postSolution
		{F4A06848-70CC-44B2-ABE6-F69EEBB8BB61}.Debug|Any CPU.ActiveCfg = Debug|Any CPU
		{F4A06848-70CC-44B2-ABE6-F69EEBB8BB61}.Debug|Any CPU.Build.0 = Debug|Any CPU
		{F4A06848-70CC-44B2-ABE6-F69EEBB8BB61}.Release|Any CPU.ActiveCfg = Release|Any CPU
		{F4A06848-70CC-44B2-ABE6-F69EEBB8BB61}.Release|Any CPU.Build.0 = Release|Any CPU
		{89F4A557-B335-4B7E-8E69-211516F34EF0}.Debug|Any CPU.ActiveCfg = Debug|Any CPU
		{89F4A557-B335-4B7E-8E69-211516F34EF0}.Debug|Any CPU.Build.0 = Debug|Any CPU
		{89F4A557-B335-4B7E-8E69-211516F34EF0}.Release|Any CPU.ActiveCfg = Release|Any CPU
		{89F4A557-B335-4B7E-8E69-211516F34EF0}.Release|Any CPU.Build.0 = Release|Any CPU
		{5ECFD167-4DD0-4334-98D0-3696CAA7A34F}.Debug|Any CPU.ActiveCfg = Debug|Any CPU
		{5ECFD167-4DD0-4334-98D0-3696CAA7A34F}.Debug|Any CPU.Build.0 = Debug|Any CPU
		{5ECFD167-4DD0-4334-98D0-3696CAA7A34F}.Release|Any CPU.ActiveCfg = Release|Any CPU
		{5ECFD167-4DD0-4334-98D0-3696CAA7A34F}.Release|Any CPU.Build.0 = Release|Any CPU
		{BF997C3E-3356-4245-AF20-8019F1913CA5}.Debug|Any CPU.ActiveCfg = Debug|Any CPU
		{BF997C3E-3356-4245-AF20-8019F1913CA5}.Debug|Any CPU.Build.0 = Debug|Any CPU
		{BF997C3E-3356-4245-AF20-8019F1913CA5}.Release|Any CPU.ActiveCfg = Release|Any CPU
		{BF997C3E-3356-4245-AF20-8019F1913CA5}.Release|Any CPU.Build.0 = Release|Any CPU
		{34C12E47-67EE-4E89-8343-6C437DDA770E}.Debug|Any CPU.ActiveCfg = Debug|Any CPU
		{34C12E47-67EE-4E89-8343-6C437DDA770E}.Debug|Any CPU.Build.0 = Debug|Any CPU
		{34C12E47-67EE-4E89-8343-6C437DDA770E}.Release|Any CPU.ActiveCfg = Release|Any CPU
		{34C12E47-67EE-4E89-8343-6C437DDA770E}.Release|Any CPU.Build.0 = Release|Any CPU
		{1F802D47-B4C3-425D-857E-81F55DCF8B2F}.Debug|Any CPU.ActiveCfg = Debug|Any CPU
		{1F802D47-B4C3-425D-857E-81F55DCF8B2F}.Debug|Any CPU.Build.0 = Debug|Any CPU
		{1F802D47-B4C3-425D-857E-81F55DCF8B2F}.Release|Any CPU.ActiveCfg = Release|Any CPU
		{1F802D47-B4C3-425D-857E-81F55DCF8B2F}.Release|Any CPU.Build.0 = Release|Any CPU
	EndGlobalSection
	GlobalSection(SolutionProperties) = preSolution
		HideSolutionNode = FALSE
	EndGlobalSection
	GlobalSection(ExtensibilityGlobals) = postSolution
		SolutionGuid = {E47E1B11-D23E-4D4D-93E6-72C2C35EE804}
	EndGlobalSection
EndGlobal
